
Microsoft Visual Studio Solution File, Format Version 12.00
# Visual Studio 15
VisualStudioVersion = 15.0.27004.2005
MinimumVisualStudioVersion = 10.0.40219.1
Project("{FAE04EC0-301F-11D3-BF4B-00C04F79EFBC}") = "CameraBazaar.Web", "CameraBazaar.Web\CameraBazaar.Web.csproj", "{3E29B763-1878-4519-BC15-54EA567B9884}"
EndProject
Project("{FAE04EC0-301F-11D3-BF4B-00C04F79EFBC}") = "CameraBazaar.Data", "CameraBazaar.Data\CameraBazaar.Data.csproj", "{65F31EA0-C19D-446B-B7C5-522605A778CC}"
EndProject
Global
	GlobalSection(SolutionConfigurationPlatforms) = preSolution
		Debug|Any CPU = Debug|Any CPU
		Release|Any CPU = Release|Any CPU
	EndGlobalSection
	GlobalSection(ProjectConfigurationPlatforms) = postSolution
		{3E29B763-1878-4519-BC15-54EA567B9884}.Debug|Any CPU.ActiveCfg = Debug|Any CPU
		{3E29B763-1878-4519-BC15-54EA567B9884}.Debug|Any CPU.Build.0 = Debug|Any CPU
		{3E29B763-1878-4519-BC15-54EA567B9884}.Release|Any CPU.ActiveCfg = Release|Any CPU
		{3E29B763-1878-4519-BC15-54EA567B9884}.Release|Any CPU.Build.0 = Release|Any CPU
		{65F31EA0-C19D-446B-B7C5-522605A778CC}.Debug|Any CPU.ActiveCfg = Debug|Any CPU
		{65F31EA0-C19D-446B-B7C5-522605A778CC}.Debug|Any CPU.Build.0 = Debug|Any CPU
		{65F31EA0-C19D-446B-B7C5-522605A778CC}.Release|Any CPU.ActiveCfg = Release|Any CPU
		{65F31EA0-C19D-446B-B7C5-522605A778CC}.Release|Any CPU.Build.0 = Release|Any CPU
	EndGlobalSection
	GlobalSection(SolutionProperties) = preSolution
		HideSolutionNode = FALSE
	EndGlobalSection
	GlobalSection(ExtensibilityGlobals) = postSolution
		SolutionGuid = {12A0AAF4-3446-4A2E-8A57-0BE2F590B1D6}
	EndGlobalSection
EndGlobal
